// !$*UTF8*$!
{
	archiveVersion = 1;
	classes = {
	};
	objectVersion = 51;
	objects = {

/* Begin PBXBuildFile section */
		4F5116FFF050B1917581CF1F /* Pods_SwimCoachTests.framework in Frameworks */ = {isa = PBXBuildFile; fileRef = 34DF73A3FD18F706B4ADAB9A /* Pods_SwimCoachTests.framework */; };
		AF001EE66FF87657DDB441B2 /* Pods_SwimCoach.framework in Frameworks */ = {isa = PBXBuildFile; fileRef = 86CB8102709173DE25BD3E4E /* Pods_SwimCoach.framework */; };
		FA1616AE24069D7A009C6148 /* UIImageExtension.swift in Sources */ = {isa = PBXBuildFile; fileRef = FA1616AD24069D7A009C6148 /* UIImageExtension.swift */; };
		FA171A5E2422B3E10038F9B0 /* PresenceViewModel.swift in Sources */ = {isa = PBXBuildFile; fileRef = FA171A5D2422B3E10038F9B0 /* PresenceViewModel.swift */; };
		FA171A602422B8F00038F9B0 /* FirestorePersonManager.swift in Sources */ = {isa = PBXBuildFile; fileRef = FA171A5F2422B8F00038F9B0 /* FirestorePersonManager.swift */; };
		FA1F1809242DECFE008BFAF8 /* ZoneCell.swift in Sources */ = {isa = PBXBuildFile; fileRef = FA1F1808242DECFE008BFAF8 /* ZoneCell.swift */; };
		FA2A5659241F7EF70037128F /* CreateUserViewModel.swift in Sources */ = {isa = PBXBuildFile; fileRef = FA2A5658241F7EF70037128F /* CreateUserViewModel.swift */; };
		FA2A565B241F8B6A0037128F /* UIViewController+Alert.swift in Sources */ = {isa = PBXBuildFile; fileRef = FA2A565A241F8B6A0037128F /* UIViewController+Alert.swift */; };
		FA2A565D241F96640037128F /* GroupViewModel.swift in Sources */ = {isa = PBXBuildFile; fileRef = FA2A565C241F96640037128F /* GroupViewModel.swift */; };
		FA3B50802434CC5F0020EAE4 /* AddWorkoutLineController.swift in Sources */ = {isa = PBXBuildFile; fileRef = FA3B507F2434CC5F0020EAE4 /* AddWorkoutLineController.swift */; };
		FA3B50822434D4CB0020EAE4 /* AddWorkoutLineViewModel.swift in Sources */ = {isa = PBXBuildFile; fileRef = FA3B50812434D4CB0020EAE4 /* AddWorkoutLineViewModel.swift */; };
		FA3B50842434E9BD0020EAE4 /* AddWorkoutLineDetailController.swift in Sources */ = {isa = PBXBuildFile; fileRef = FA3B50832434E9BD0020EAE4 /* AddWorkoutLineDetailController.swift */; };
		FA5E06C9243B26900004B94E /* NetworkGroupService.swift in Sources */ = {isa = PBXBuildFile; fileRef = FA5E06C8243B26900004B94E /* NetworkGroupService.swift */; };
		FA708BFC242E396B0096FF5A /* DetailWorkoutViewModel.swift in Sources */ = {isa = PBXBuildFile; fileRef = FA708BFB242E396B0096FF5A /* DetailWorkoutViewModel.swift */; };
		FA7125BD24211BFD00C98323 /* PresenceController.swift in Sources */ = {isa = PBXBuildFile; fileRef = FA7125BC24211BFD00C98323 /* PresenceController.swift */; };
		FA7814AE23FE90C90011A69B /* AppDelegate.swift in Sources */ = {isa = PBXBuildFile; fileRef = FA7814AD23FE90C90011A69B /* AppDelegate.swift */; };
		FA7814B023FE90C90011A69B /* SceneDelegate.swift in Sources */ = {isa = PBXBuildFile; fileRef = FA7814AF23FE90C90011A69B /* SceneDelegate.swift */; };
		FA7814B223FE90C90011A69B /* LoginController.swift in Sources */ = {isa = PBXBuildFile; fileRef = FA7814B123FE90C90011A69B /* LoginController.swift */; };
		FA7814B523FE90C90011A69B /* Main.storyboard in Resources */ = {isa = PBXBuildFile; fileRef = FA7814B323FE90C90011A69B /* Main.storyboard */; };
		FA7814BA23FE90CE0011A69B /* Assets.xcassets in Resources */ = {isa = PBXBuildFile; fileRef = FA7814B923FE90CE0011A69B /* Assets.xcassets */; };
		FA7814BD23FE90CE0011A69B /* LaunchScreen.storyboard in Resources */ = {isa = PBXBuildFile; fileRef = FA7814BB23FE90CE0011A69B /* LaunchScreen.storyboard */; };
		FA7814C823FE90CE0011A69B /* SwimCoachTests.swift in Sources */ = {isa = PBXBuildFile; fileRef = FA7814C723FE90CE0011A69B /* SwimCoachTests.swift */; };
		FA7814DA23FE965B0011A69B /* GoogleService-Info.plist in Resources */ = {isa = PBXBuildFile; fileRef = FA7814D923FE965B0011A69B /* GoogleService-Info.plist */; };
		FA812F03242C9AAE0073EDB6 /* Workout.swift in Sources */ = {isa = PBXBuildFile; fileRef = FA812F02242C9AAE0073EDB6 /* Workout.swift */; };
		FA812F05242CA4990073EDB6 /* WorkoutLine.swift in Sources */ = {isa = PBXBuildFile; fileRef = FA812F04242CA4990073EDB6 /* WorkoutLine.swift */; };
		FA812F07242CA6100073EDB6 /* TrainingViewModel.swift in Sources */ = {isa = PBXBuildFile; fileRef = FA812F06242CA6100073EDB6 /* TrainingViewModel.swift */; };
		FA812F0A242CAA8E0073EDB6 /* FirestoreWorkoutManager.swift in Sources */ = {isa = PBXBuildFile; fileRef = FA812F09242CAA8D0073EDB6 /* FirestoreWorkoutManager.swift */; };
		FA812F0C242D0C660073EDB6 /* DetailWorkoutController.swift in Sources */ = {isa = PBXBuildFile; fileRef = FA812F0B242D0C660073EDB6 /* DetailWorkoutController.swift */; };
		FA812F0E242D0E840073EDB6 /* TextViewCell.swift in Sources */ = {isa = PBXBuildFile; fileRef = FA812F0D242D0E840073EDB6 /* TextViewCell.swift */; };
		FA82DF9A2412C9290053BA2C /* FirestoreGroupManager.swift in Sources */ = {isa = PBXBuildFile; fileRef = FA82DF992412C9290053BA2C /* FirestoreGroupManager.swift */; };
		FA82DF9C2412C9AD0053BA2C /* Group.swift in Sources */ = {isa = PBXBuildFile; fileRef = FA82DF9B2412C9AD0053BA2C /* Group.swift */; };
		FA82DF9E2412C9E90053BA2C /* Person.swift in Sources */ = {isa = PBXBuildFile; fileRef = FA82DF9D2412C9E90053BA2C /* Person.swift */; };
		FA87951C2435F0B00028BBE1 /* UITextView+Toolbar.swift in Sources */ = {isa = PBXBuildFile; fileRef = FA87951B2435F0B00028BBE1 /* UITextView+Toolbar.swift */; };
		FA87951E2436299F0028BBE1 /* AddWorkoutLineDetailViewModel.swift in Sources */ = {isa = PBXBuildFile; fileRef = FA87951D2436299F0028BBE1 /* AddWorkoutLineDetailViewModel.swift */; };
		FA9855EF23FED97F00B6CF3F /* CreateUserController.swift in Sources */ = {isa = PBXBuildFile; fileRef = FA9855EE23FED97F00B6CF3F /* CreateUserController.swift */; };
		FA9855F123FEDD4300B6CF3F /* GroupController.swift in Sources */ = {isa = PBXBuildFile; fileRef = FA9855F023FEDD4300B6CF3F /* GroupController.swift */; };
		FA9CFCE2242383D800CB7FCB /* PersonViewCell.swift in Sources */ = {isa = PBXBuildFile; fileRef = FA9CFCE1242383D800CB7FCB /* PersonViewCell.swift */; };
		FAB152D6242B56EB006820A5 /* MonthController.swift in Sources */ = {isa = PBXBuildFile; fileRef = FAB152D5242B56EB006820A5 /* MonthController.swift */; };
		FAB152D9242B6214006820A5 /* MonthViewModel.swift in Sources */ = {isa = PBXBuildFile; fileRef = FAB152D8242B6214006820A5 /* MonthViewModel.swift */; };
		FAB152DB242B6CB3006820A5 /* TrainingCollectionViewCell.swift in Sources */ = {isa = PBXBuildFile; fileRef = FAB152DA242B6CB3006820A5 /* TrainingCollectionViewCell.swift */; };
		FAB152DD242B6CEC006820A5 /* TrainingController.swift in Sources */ = {isa = PBXBuildFile; fileRef = FAB152DC242B6CEC006820A5 /* TrainingController.swift */; };
		FABAD7BC23FEBC5100E573AF /* FirestoreService.swift in Sources */ = {isa = PBXBuildFile; fileRef = FABAD7BB23FEBC5100E573AF /* FirestoreService.swift */; };
		FAC8C20E242A8F1100E7E96D /* TrainingGroupController.swift in Sources */ = {isa = PBXBuildFile; fileRef = FAC8C20D242A8F1100E7E96D /* TrainingGroupController.swift */; };
		FAD03DB7241A58D1001DC925 /* LoginViewModel.swift in Sources */ = {isa = PBXBuildFile; fileRef = FAD03DB6241A58D1001DC925 /* LoginViewModel.swift */; };
		FAD71AC924112CC50047B885 /* FolderCollectionViewCell.swift in Sources */ = {isa = PBXBuildFile; fileRef = FAD71AC824112CC50047B885 /* FolderCollectionViewCell.swift */; };
		FAD96C4B24376F3800DD14C8 /* WorkoutTitleCell.swift in Sources */ = {isa = PBXBuildFile; fileRef = FAD96C4A24376F3800DD14C8 /* WorkoutTitleCell.swift */; };
		FADFFEE0243497340011C773 /* UIController+Background.swift in Sources */ = {isa = PBXBuildFile; fileRef = FADFFEDF243497340011C773 /* UIController+Background.swift */; };
		FADFFEE22434A2AA0011C773 /* PreviewController.swift in Sources */ = {isa = PBXBuildFile; fileRef = FADFFEE12434A2AA0011C773 /* PreviewController.swift */; };
		FAF69D372437341D00FBEEB5 /* TransfertDataProtocol.swift in Sources */ = {isa = PBXBuildFile; fileRef = FAF69D362437341D00FBEEB5 /* TransfertDataProtocol.swift */; };
/* End PBXBuildFile section */

/* Begin PBXContainerItemProxy section */
		FA7814C423FE90CE0011A69B /* PBXContainerItemProxy */ = {
			isa = PBXContainerItemProxy;
			containerPortal = FA7814A223FE90C90011A69B /* Project object */;
			proxyType = 1;
			remoteGlobalIDString = FA7814A923FE90C90011A69B;
			remoteInfo = SwimCoach;
		};
/* End PBXContainerItemProxy section */

/* Begin PBXFileReference section */
		0101A33CE92711F36B993318 /* Pods-SwimCoach.release.xcconfig */ = {isa = PBXFileReference; includeInIndex = 1; lastKnownFileType = text.xcconfig; name = "Pods-SwimCoach.release.xcconfig"; path = "Target Support Files/Pods-SwimCoach/Pods-SwimCoach.release.xcconfig"; sourceTree = "<group>"; };
		34DF73A3FD18F706B4ADAB9A /* Pods_SwimCoachTests.framework */ = {isa = PBXFileReference; explicitFileType = wrapper.framework; includeInIndex = 0; path = Pods_SwimCoachTests.framework; sourceTree = BUILT_PRODUCTS_DIR; };
		3883DFE42DEA5B27A23AE5D8 /* Pods-SwimCoachTests.release.xcconfig */ = {isa = PBXFileReference; includeInIndex = 1; lastKnownFileType = text.xcconfig; name = "Pods-SwimCoachTests.release.xcconfig"; path = "Target Support Files/Pods-SwimCoachTests/Pods-SwimCoachTests.release.xcconfig"; sourceTree = "<group>"; };
		7031066623181080EB8CEE66 /* Pods-SwimCoachTests.debug.xcconfig */ = {isa = PBXFileReference; includeInIndex = 1; lastKnownFileType = text.xcconfig; name = "Pods-SwimCoachTests.debug.xcconfig"; path = "Target Support Files/Pods-SwimCoachTests/Pods-SwimCoachTests.debug.xcconfig"; sourceTree = "<group>"; };
		86CB8102709173DE25BD3E4E /* Pods_SwimCoach.framework */ = {isa = PBXFileReference; explicitFileType = wrapper.framework; includeInIndex = 0; path = Pods_SwimCoach.framework; sourceTree = BUILT_PRODUCTS_DIR; };
		AD61F4A8222AEC68211F8336 /* Pods-SwimCoach.debug.xcconfig */ = {isa = PBXFileReference; includeInIndex = 1; lastKnownFileType = text.xcconfig; name = "Pods-SwimCoach.debug.xcconfig"; path = "Target Support Files/Pods-SwimCoach/Pods-SwimCoach.debug.xcconfig"; sourceTree = "<group>"; };
		FA1616AD24069D7A009C6148 /* UIImageExtension.swift */ = {isa = PBXFileReference; lastKnownFileType = sourcecode.swift; path = UIImageExtension.swift; sourceTree = "<group>"; };
		FA171A5D2422B3E10038F9B0 /* PresenceViewModel.swift */ = {isa = PBXFileReference; lastKnownFileType = sourcecode.swift; path = PresenceViewModel.swift; sourceTree = "<group>"; };
		FA171A5F2422B8F00038F9B0 /* FirestorePersonManager.swift */ = {isa = PBXFileReference; lastKnownFileType = sourcecode.swift; path = FirestorePersonManager.swift; sourceTree = "<group>"; };
		FA1F1808242DECFE008BFAF8 /* ZoneCell.swift */ = {isa = PBXFileReference; lastKnownFileType = sourcecode.swift; path = ZoneCell.swift; sourceTree = "<group>"; };
		FA2A5658241F7EF70037128F /* CreateUserViewModel.swift */ = {isa = PBXFileReference; lastKnownFileType = sourcecode.swift; path = CreateUserViewModel.swift; sourceTree = "<group>"; };
		FA2A565A241F8B6A0037128F /* UIViewController+Alert.swift */ = {isa = PBXFileReference; lastKnownFileType = sourcecode.swift; path = "UIViewController+Alert.swift"; sourceTree = "<group>"; };
		FA2A565C241F96640037128F /* GroupViewModel.swift */ = {isa = PBXFileReference; lastKnownFileType = sourcecode.swift; path = GroupViewModel.swift; sourceTree = "<group>"; };
		FA3B507F2434CC5F0020EAE4 /* AddWorkoutLineController.swift */ = {isa = PBXFileReference; lastKnownFileType = sourcecode.swift; path = AddWorkoutLineController.swift; sourceTree = "<group>"; };
		FA3B50812434D4CB0020EAE4 /* AddWorkoutLineViewModel.swift */ = {isa = PBXFileReference; lastKnownFileType = sourcecode.swift; path = AddWorkoutLineViewModel.swift; sourceTree = "<group>"; };
		FA3B50832434E9BD0020EAE4 /* AddWorkoutLineDetailController.swift */ = {isa = PBXFileReference; lastKnownFileType = sourcecode.swift; path = AddWorkoutLineDetailController.swift; sourceTree = "<group>"; };
		FA5E06C8243B26900004B94E /* NetworkGroupService.swift */ = {isa = PBXFileReference; lastKnownFileType = sourcecode.swift; path = NetworkGroupService.swift; sourceTree = "<group>"; };
		FA708BFB242E396B0096FF5A /* DetailWorkoutViewModel.swift */ = {isa = PBXFileReference; lastKnownFileType = sourcecode.swift; path = DetailWorkoutViewModel.swift; sourceTree = "<group>"; };
		FA7125BC24211BFD00C98323 /* PresenceController.swift */ = {isa = PBXFileReference; lastKnownFileType = sourcecode.swift; path = PresenceController.swift; sourceTree = "<group>"; };
		FA7814AA23FE90C90011A69B /* SwimCoach.app */ = {isa = PBXFileReference; explicitFileType = wrapper.application; includeInIndex = 0; path = SwimCoach.app; sourceTree = BUILT_PRODUCTS_DIR; };
		FA7814AD23FE90C90011A69B /* AppDelegate.swift */ = {isa = PBXFileReference; lastKnownFileType = sourcecode.swift; path = AppDelegate.swift; sourceTree = "<group>"; };
		FA7814AF23FE90C90011A69B /* SceneDelegate.swift */ = {isa = PBXFileReference; lastKnownFileType = sourcecode.swift; path = SceneDelegate.swift; sourceTree = "<group>"; };
		FA7814B123FE90C90011A69B /* LoginController.swift */ = {isa = PBXFileReference; lastKnownFileType = sourcecode.swift; path = LoginController.swift; sourceTree = "<group>"; };
		FA7814B423FE90C90011A69B /* Base */ = {isa = PBXFileReference; lastKnownFileType = file.storyboard; name = Base; path = Base.lproj/Main.storyboard; sourceTree = "<group>"; };
		FA7814B923FE90CE0011A69B /* Assets.xcassets */ = {isa = PBXFileReference; lastKnownFileType = folder.assetcatalog; path = Assets.xcassets; sourceTree = "<group>"; };
		FA7814BC23FE90CE0011A69B /* Base */ = {isa = PBXFileReference; lastKnownFileType = file.storyboard; name = Base; path = Base.lproj/LaunchScreen.storyboard; sourceTree = "<group>"; };
		FA7814BE23FE90CE0011A69B /* Info.plist */ = {isa = PBXFileReference; lastKnownFileType = text.plist.xml; path = Info.plist; sourceTree = "<group>"; };
		FA7814C323FE90CE0011A69B /* SwimCoachTests.xctest */ = {isa = PBXFileReference; explicitFileType = wrapper.cfbundle; includeInIndex = 0; path = SwimCoachTests.xctest; sourceTree = BUILT_PRODUCTS_DIR; };
		FA7814C723FE90CE0011A69B /* SwimCoachTests.swift */ = {isa = PBXFileReference; lastKnownFileType = sourcecode.swift; path = SwimCoachTests.swift; sourceTree = "<group>"; };
		FA7814C923FE90CE0011A69B /* Info.plist */ = {isa = PBXFileReference; lastKnownFileType = text.plist.xml; path = Info.plist; sourceTree = "<group>"; };
		FA7814D923FE965B0011A69B /* GoogleService-Info.plist */ = {isa = PBXFileReference; fileEncoding = 4; lastKnownFileType = text.plist.xml; path = "GoogleService-Info.plist"; sourceTree = "<group>"; };
		FA812F02242C9AAE0073EDB6 /* Workout.swift */ = {isa = PBXFileReference; lastKnownFileType = sourcecode.swift; path = Workout.swift; sourceTree = "<group>"; };
		FA812F04242CA4990073EDB6 /* WorkoutLine.swift */ = {isa = PBXFileReference; lastKnownFileType = sourcecode.swift; path = WorkoutLine.swift; sourceTree = "<group>"; };
		FA812F06242CA6100073EDB6 /* TrainingViewModel.swift */ = {isa = PBXFileReference; lastKnownFileType = sourcecode.swift; path = TrainingViewModel.swift; sourceTree = "<group>"; };
		FA812F09242CAA8D0073EDB6 /* FirestoreWorkoutManager.swift */ = {isa = PBXFileReference; lastKnownFileType = sourcecode.swift; path = FirestoreWorkoutManager.swift; sourceTree = "<group>"; };
		FA812F0B242D0C660073EDB6 /* DetailWorkoutController.swift */ = {isa = PBXFileReference; lastKnownFileType = sourcecode.swift; path = DetailWorkoutController.swift; sourceTree = "<group>"; };
		FA812F0D242D0E840073EDB6 /* TextViewCell.swift */ = {isa = PBXFileReference; lastKnownFileType = sourcecode.swift; path = TextViewCell.swift; sourceTree = "<group>"; };
		FA82DF992412C9290053BA2C /* FirestoreGroupManager.swift */ = {isa = PBXFileReference; lastKnownFileType = sourcecode.swift; path = FirestoreGroupManager.swift; sourceTree = "<group>"; };
		FA82DF9B2412C9AD0053BA2C /* Group.swift */ = {isa = PBXFileReference; lastKnownFileType = sourcecode.swift; path = Group.swift; sourceTree = "<group>"; };
		FA82DF9D2412C9E90053BA2C /* Person.swift */ = {isa = PBXFileReference; lastKnownFileType = sourcecode.swift; path = Person.swift; sourceTree = "<group>"; };
		FA87951B2435F0B00028BBE1 /* UITextView+Toolbar.swift */ = {isa = PBXFileReference; lastKnownFileType = sourcecode.swift; path = "UITextView+Toolbar.swift"; sourceTree = "<group>"; };
		FA87951D2436299F0028BBE1 /* AddWorkoutLineDetailViewModel.swift */ = {isa = PBXFileReference; lastKnownFileType = sourcecode.swift; path = AddWorkoutLineDetailViewModel.swift; sourceTree = "<group>"; };
		FA9855EE23FED97F00B6CF3F /* CreateUserController.swift */ = {isa = PBXFileReference; lastKnownFileType = sourcecode.swift; path = CreateUserController.swift; sourceTree = "<group>"; };
		FA9855F023FEDD4300B6CF3F /* GroupController.swift */ = {isa = PBXFileReference; lastKnownFileType = sourcecode.swift; path = GroupController.swift; sourceTree = "<group>"; };
		FA9CFCE1242383D800CB7FCB /* PersonViewCell.swift */ = {isa = PBXFileReference; lastKnownFileType = sourcecode.swift; path = PersonViewCell.swift; sourceTree = "<group>"; };
		FAB152D5242B56EB006820A5 /* MonthController.swift */ = {isa = PBXFileReference; lastKnownFileType = sourcecode.swift; path = MonthController.swift; sourceTree = "<group>"; };
		FAB152D8242B6214006820A5 /* MonthViewModel.swift */ = {isa = PBXFileReference; lastKnownFileType = sourcecode.swift; path = MonthViewModel.swift; sourceTree = "<group>"; };
		FAB152DA242B6CB3006820A5 /* TrainingCollectionViewCell.swift */ = {isa = PBXFileReference; lastKnownFileType = sourcecode.swift; path = TrainingCollectionViewCell.swift; sourceTree = "<group>"; };
		FAB152DC242B6CEC006820A5 /* TrainingController.swift */ = {isa = PBXFileReference; lastKnownFileType = sourcecode.swift; path = TrainingController.swift; sourceTree = "<group>"; };
		FABAD7BB23FEBC5100E573AF /* FirestoreService.swift */ = {isa = PBXFileReference; lastKnownFileType = sourcecode.swift; path = FirestoreService.swift; sourceTree = "<group>"; };
		FAC8C20D242A8F1100E7E96D /* TrainingGroupController.swift */ = {isa = PBXFileReference; lastKnownFileType = sourcecode.swift; path = TrainingGroupController.swift; sourceTree = "<group>"; };
		FAD03DB6241A58D1001DC925 /* LoginViewModel.swift */ = {isa = PBXFileReference; lastKnownFileType = sourcecode.swift; path = LoginViewModel.swift; sourceTree = "<group>"; };
		FAD71AC824112CC50047B885 /* FolderCollectionViewCell.swift */ = {isa = PBXFileReference; lastKnownFileType = sourcecode.swift; path = FolderCollectionViewCell.swift; sourceTree = "<group>"; };
		FAD96C4A24376F3800DD14C8 /* WorkoutTitleCell.swift */ = {isa = PBXFileReference; lastKnownFileType = sourcecode.swift; path = WorkoutTitleCell.swift; sourceTree = "<group>"; };
		FADFFEDF243497340011C773 /* UIController+Background.swift */ = {isa = PBXFileReference; lastKnownFileType = sourcecode.swift; path = "UIController+Background.swift"; sourceTree = "<group>"; };
		FADFFEE12434A2AA0011C773 /* PreviewController.swift */ = {isa = PBXFileReference; lastKnownFileType = sourcecode.swift; path = PreviewController.swift; sourceTree = "<group>"; };
		FAF69D362437341D00FBEEB5 /* TransfertDataProtocol.swift */ = {isa = PBXFileReference; lastKnownFileType = sourcecode.swift; path = TransfertDataProtocol.swift; sourceTree = "<group>"; };
/* End PBXFileReference section */

/* Begin PBXFrameworksBuildPhase section */
		FA7814A723FE90C90011A69B /* Frameworks */ = {
			isa = PBXFrameworksBuildPhase;
			buildActionMask = 2147483647;
			files = (
				AF001EE66FF87657DDB441B2 /* Pods_SwimCoach.framework in Frameworks */,
			);
			runOnlyForDeploymentPostprocessing = 0;
		};
		FA7814C023FE90CE0011A69B /* Frameworks */ = {
			isa = PBXFrameworksBuildPhase;
			buildActionMask = 2147483647;
			files = (
				4F5116FFF050B1917581CF1F /* Pods_SwimCoachTests.framework in Frameworks */,
			);
			runOnlyForDeploymentPostprocessing = 0;
		};
/* End PBXFrameworksBuildPhase section */

/* Begin PBXGroup section */
		1BC78724984EE43D6D453E02 /* Frameworks */ = {
			isa = PBXGroup;
			children = (
				86CB8102709173DE25BD3E4E /* Pods_SwimCoach.framework */,
				34DF73A3FD18F706B4ADAB9A /* Pods_SwimCoachTests.framework */,
			);
			name = Frameworks;
			sourceTree = "<group>";
		};
		D91B130EDA6964F2CB2A34AE /* Pods */ = {
			isa = PBXGroup;
			children = (
				AD61F4A8222AEC68211F8336 /* Pods-SwimCoach.debug.xcconfig */,
				0101A33CE92711F36B993318 /* Pods-SwimCoach.release.xcconfig */,
				7031066623181080EB8CEE66 /* Pods-SwimCoachTests.debug.xcconfig */,
				3883DFE42DEA5B27A23AE5D8 /* Pods-SwimCoachTests.release.xcconfig */,
			);
			path = Pods;
			sourceTree = "<group>";
		};
		FA1616AC24069D66009C6148 /* Extensions */ = {
			isa = PBXGroup;
			children = (
				FA1616AD24069D7A009C6148 /* UIImageExtension.swift */,
				FA2A565A241F8B6A0037128F /* UIViewController+Alert.swift */,
				FADFFEDF243497340011C773 /* UIController+Background.swift */,
				FA87951B2435F0B00028BBE1 /* UITextView+Toolbar.swift */,
			);
			path = Extensions;
			sourceTree = "<group>";
		};
		FA1F1806242DE48B008BFAF8 /* Presence */ = {
			isa = PBXGroup;
			children = (
				FA9CFCE1242383D800CB7FCB /* PersonViewCell.swift */,
			);
			path = Presence;
			sourceTree = "<group>";
		};
		FA1F1807242DE4B2008BFAF8 /* Training */ = {
			isa = PBXGroup;
			children = (
				FAB152DA242B6CB3006820A5 /* TrainingCollectionViewCell.swift */,
				FA812F0D242D0E840073EDB6 /* TextViewCell.swift */,
				FA1F1808242DECFE008BFAF8 /* ZoneCell.swift */,
				FAD96C4A24376F3800DD14C8 /* WorkoutTitleCell.swift */,
			);
			path = Training;
			sourceTree = "<group>";
		};
		FA7814A123FE90C90011A69B = {
			isa = PBXGroup;
			children = (
				FA7814AC23FE90C90011A69B /* SwimCoach */,
				FA7814C623FE90CE0011A69B /* SwimCoachTests */,
				FA7814AB23FE90C90011A69B /* Products */,
				D91B130EDA6964F2CB2A34AE /* Pods */,
				1BC78724984EE43D6D453E02 /* Frameworks */,
			);
			sourceTree = "<group>";
		};
		FA7814AB23FE90C90011A69B /* Products */ = {
			isa = PBXGroup;
			children = (
				FA7814AA23FE90C90011A69B /* SwimCoach.app */,
				FA7814C323FE90CE0011A69B /* SwimCoachTests.xctest */,
			);
			name = Products;
			sourceTree = "<group>";
		};
		FA7814AC23FE90C90011A69B /* SwimCoach */ = {
			isa = PBXGroup;
			children = (
				FAF69D35243733E500FBEEB5 /* Protocol */,
				FA1616AC24069D66009C6148 /* Extensions */,
				FA7814D323FE912C0011A69B /* Supporting Files */,
				FA7814D423FE91420011A69B /* Services */,
				FAD03DB5241A58B1001DC925 /* View Model */,
				FA7814D223FE91230011A69B /* Model */,
				FA7814D723FE91790011A69B /* Controller */,
				FA7814D623FE91720011A69B /* View */,
				FA7814BE23FE90CE0011A69B /* Info.plist */,
				FA7814D923FE965B0011A69B /* GoogleService-Info.plist */,
			);
			path = SwimCoach;
			sourceTree = "<group>";
		};
		FA7814C623FE90CE0011A69B /* SwimCoachTests */ = {
			isa = PBXGroup;
			children = (
				FA7814C723FE90CE0011A69B /* SwimCoachTests.swift */,
				FA7814C923FE90CE0011A69B /* Info.plist */,
			);
			path = SwimCoachTests;
			sourceTree = "<group>";
		};
		FA7814D223FE91230011A69B /* Model */ = {
			isa = PBXGroup;
			children = (
				FA812F01242C9A830073EDB6 /* Training */,
				FA8CB8F6242A8B6700145575 /* Presence */,
				FA82DF9B2412C9AD0053BA2C /* Group.swift */,
			);
			path = Model;
			sourceTree = "<group>";
		};
		FA7814D323FE912C0011A69B /* Supporting Files */ = {
			isa = PBXGroup;
			children = (
				FA7814AD23FE90C90011A69B /* AppDelegate.swift */,
				FA7814AF23FE90C90011A69B /* SceneDelegate.swift */,
				FA7814B923FE90CE0011A69B /* Assets.xcassets */,
			);
			path = "Supporting Files";
			sourceTree = "<group>";
		};
		FA7814D423FE91420011A69B /* Services */ = {
			isa = PBXGroup;
			children = (
				FA812F08242CAA670073EDB6 /* Training */,
				FA8CB8F4242A8B0D00145575 /* Presence */,
				FABAD7BB23FEBC5100E573AF /* FirestoreService.swift */,
				FA82DF992412C9290053BA2C /* FirestoreGroupManager.swift */,
			);
			path = Services;
			sourceTree = "<group>";
		};
		FA7814D623FE91720011A69B /* View */ = {
			isa = PBXGroup;
			children = (
				FA1F1807242DE4B2008BFAF8 /* Training */,
				FA1F1806242DE48B008BFAF8 /* Presence */,
				FA7814B323FE90C90011A69B /* Main.storyboard */,
				FA7814BB23FE90CE0011A69B /* LaunchScreen.storyboard */,
				FAD71AC824112CC50047B885 /* FolderCollectionViewCell.swift */,
			);
			path = View;
			sourceTree = "<group>";
		};
		FA7814D723FE91790011A69B /* Controller */ = {
			isa = PBXGroup;
			children = (
				FAB152D4242B53BA006820A5 /* Training */,
				FA8CB8F1242A8A5300145575 /* Login */,
				FA8CB8F0242A8A3800145575 /* Presence */,
				FADFFEE12434A2AA0011C773 /* PreviewController.swift */,
			);
			path = Controller;
			sourceTree = "<group>";
		};
		FA812F01242C9A830073EDB6 /* Training */ = {
			isa = PBXGroup;
			children = (
				FA812F02242C9AAE0073EDB6 /* Workout.swift */,
				FA812F04242CA4990073EDB6 /* WorkoutLine.swift */,
			);
			path = Training;
			sourceTree = "<group>";
		};
		FA812F08242CAA670073EDB6 /* Training */ = {
			isa = PBXGroup;
			children = (
				FA812F09242CAA8D0073EDB6 /* FirestoreWorkoutManager.swift */,
			);
			path = Training;
			sourceTree = "<group>";
		};
		FA8CB8F0242A8A3800145575 /* Presence */ = {
			isa = PBXGroup;
			children = (
				FA9855F023FEDD4300B6CF3F /* GroupController.swift */,
				FA7125BC24211BFD00C98323 /* PresenceController.swift */,
			);
			path = Presence;
			sourceTree = "<group>";
		};
		FA8CB8F1242A8A5300145575 /* Login */ = {
			isa = PBXGroup;
			children = (
				FA7814B123FE90C90011A69B /* LoginController.swift */,
				FA9855EE23FED97F00B6CF3F /* CreateUserController.swift */,
			);
			path = Login;
			sourceTree = "<group>";
		};
		FA8CB8F2242A8AD100145575 /* Login */ = {
			isa = PBXGroup;
			children = (
				FAD03DB6241A58D1001DC925 /* LoginViewModel.swift */,
				FA2A5658241F7EF70037128F /* CreateUserViewModel.swift */,
			);
			path = Login;
			sourceTree = "<group>";
		};
		FA8CB8F3242A8AE300145575 /* Presence */ = {
			isa = PBXGroup;
			children = (
				FA171A5D2422B3E10038F9B0 /* PresenceViewModel.swift */,
			);
			path = Presence;
			sourceTree = "<group>";
		};
		FA8CB8F4242A8B0D00145575 /* Presence */ = {
			isa = PBXGroup;
			children = (
				FA171A5F2422B8F00038F9B0 /* FirestorePersonManager.swift */,
			);
			path = Presence;
			sourceTree = "<group>";
		};
		FA8CB8F6242A8B6700145575 /* Presence */ = {
			isa = PBXGroup;
			children = (
				FA82DF9D2412C9E90053BA2C /* Person.swift */,
			);
			path = Presence;
			sourceTree = "<group>";
		};
		FAB152D4242B53BA006820A5 /* Training */ = {
			isa = PBXGroup;
			children = (
				FAC8C20D242A8F1100E7E96D /* TrainingGroupController.swift */,
				FAB152D5242B56EB006820A5 /* MonthController.swift */,
				FAB152DC242B6CEC006820A5 /* TrainingController.swift */,
				FA812F0B242D0C660073EDB6 /* DetailWorkoutController.swift */,
				FA3B50832434E9BD0020EAE4 /* AddWorkoutLineDetailController.swift */,
				FA3B507F2434CC5F0020EAE4 /* AddWorkoutLineController.swift */,
			);
			path = Training;
			sourceTree = "<group>";
		};
		FAB152D7242B61F8006820A5 /* Training */ = {
			isa = PBXGroup;
			children = (
				FAB152D8242B6214006820A5 /* MonthViewModel.swift */,
				FA812F06242CA6100073EDB6 /* TrainingViewModel.swift */,
				FA708BFB242E396B0096FF5A /* DetailWorkoutViewModel.swift */,
				FA3B50812434D4CB0020EAE4 /* AddWorkoutLineViewModel.swift */,
				FA87951D2436299F0028BBE1 /* AddWorkoutLineDetailViewModel.swift */,
			);
			path = Training;
			sourceTree = "<group>";
		};
		FAD03DB5241A58B1001DC925 /* View Model */ = {
			isa = PBXGroup;
			children = (
				FAB152D7242B61F8006820A5 /* Training */,
				FA2A565C241F96640037128F /* GroupViewModel.swift */,
				FA8CB8F3242A8AE300145575 /* Presence */,
				FA8CB8F2242A8AD100145575 /* Login */,
			);
			path = "View Model";
			sourceTree = "<group>";
		};
		FAF69D35243733E500FBEEB5 /* Protocol */ = {
			isa = PBXGroup;
			children = (
				FAF69D362437341D00FBEEB5 /* TransfertDataProtocol.swift */,
				FA5E06C8243B26900004B94E /* NetworkGroupService.swift */,
			);
			path = Protocol;
			sourceTree = "<group>";
		};
/* End PBXGroup section */

/* Begin PBXNativeTarget section */
		FA7814A923FE90C90011A69B /* SwimCoach */ = {
			isa = PBXNativeTarget;
			buildConfigurationList = FA7814CC23FE90CE0011A69B /* Build configuration list for PBXNativeTarget "SwimCoach" */;
			buildPhases = (
				3B96453FF32FA702483CE827 /* [CP] Check Pods Manifest.lock */,
				FA7814A623FE90C90011A69B /* Sources */,
				FA7814A723FE90C90011A69B /* Frameworks */,
				FA7814A823FE90C90011A69B /* Resources */,
				91ACA3AEFDCFD7EDEBF8DA4B /* [CP] Embed Pods Frameworks */,
			);
			buildRules = (
			);
			dependencies = (
			);
			name = SwimCoach;
			productName = SwimCoach;
			productReference = FA7814AA23FE90C90011A69B /* SwimCoach.app */;
			productType = "com.apple.product-type.application";
		};
		FA7814C223FE90CE0011A69B /* SwimCoachTests */ = {
			isa = PBXNativeTarget;
			buildConfigurationList = FA7814CF23FE90CE0011A69B /* Build configuration list for PBXNativeTarget "SwimCoachTests" */;
			buildPhases = (
				5F60C0B8C99909C2CB92ACFB /* [CP] Check Pods Manifest.lock */,
				FA7814BF23FE90CE0011A69B /* Sources */,
				FA7814C023FE90CE0011A69B /* Frameworks */,
				FA7814C123FE90CE0011A69B /* Resources */,
			);
			buildRules = (
			);
			dependencies = (
				FA7814C523FE90CE0011A69B /* PBXTargetDependency */,
			);
			name = SwimCoachTests;
			productName = SwimCoachTests;
			productReference = FA7814C323FE90CE0011A69B /* SwimCoachTests.xctest */;
			productType = "com.apple.product-type.bundle.unit-test";
		};
/* End PBXNativeTarget section */

/* Begin PBXProject section */
		FA7814A223FE90C90011A69B /* Project object */ = {
			isa = PBXProject;
			attributes = {
				LastSwiftUpdateCheck = 1130;
				LastUpgradeCheck = 1130;
				ORGANIZATIONNAME = "Alexandre Goncalves";
				TargetAttributes = {
					FA7814A923FE90C90011A69B = {
						CreatedOnToolsVersion = 11.3.1;
					};
					FA7814C223FE90CE0011A69B = {
						CreatedOnToolsVersion = 11.3.1;
						TestTargetID = FA7814A923FE90C90011A69B;
					};
				};
			};
			buildConfigurationList = FA7814A523FE90C90011A69B /* Build configuration list for PBXProject "SwimCoach" */;
			compatibilityVersion = "Xcode 9.3";
			developmentRegion = en;
			hasScannedForEncodings = 0;
			knownRegions = (
				en,
				Base,
			);
			mainGroup = FA7814A123FE90C90011A69B;
			productRefGroup = FA7814AB23FE90C90011A69B /* Products */;
			projectDirPath = "";
			projectRoot = "";
			targets = (
				FA7814A923FE90C90011A69B /* SwimCoach */,
				FA7814C223FE90CE0011A69B /* SwimCoachTests */,
			);
		};
/* End PBXProject section */

/* Begin PBXResourcesBuildPhase section */
		FA7814A823FE90C90011A69B /* Resources */ = {
			isa = PBXResourcesBuildPhase;
			buildActionMask = 2147483647;
			files = (
				FA7814BD23FE90CE0011A69B /* LaunchScreen.storyboard in Resources */,
				FA7814DA23FE965B0011A69B /* GoogleService-Info.plist in Resources */,
				FA7814BA23FE90CE0011A69B /* Assets.xcassets in Resources */,
				FA7814B523FE90C90011A69B /* Main.storyboard in Resources */,
			);
			runOnlyForDeploymentPostprocessing = 0;
		};
		FA7814C123FE90CE0011A69B /* Resources */ = {
			isa = PBXResourcesBuildPhase;
			buildActionMask = 2147483647;
			files = (
			);
			runOnlyForDeploymentPostprocessing = 0;
		};
/* End PBXResourcesBuildPhase section */

/* Begin PBXShellScriptBuildPhase section */
		3B96453FF32FA702483CE827 /* [CP] Check Pods Manifest.lock */ = {
			isa = PBXShellScriptBuildPhase;
			buildActionMask = 2147483647;
			files = (
			);
			inputFileListPaths = (
			);
			inputPaths = (
				"${PODS_PODFILE_DIR_PATH}/Podfile.lock",
				"${PODS_ROOT}/Manifest.lock",
			);
			name = "[CP] Check Pods Manifest.lock";
			outputFileListPaths = (
			);
			outputPaths = (
				"$(DERIVED_FILE_DIR)/Pods-SwimCoach-checkManifestLockResult.txt",
			);
			runOnlyForDeploymentPostprocessing = 0;
			shellPath = /bin/sh;
			shellScript = "diff \"${PODS_PODFILE_DIR_PATH}/Podfile.lock\" \"${PODS_ROOT}/Manifest.lock\" > /dev/null\nif [ $? != 0 ] ; then\n    # print error to STDERR\n    echo \"error: The sandbox is not in sync with the Podfile.lock. Run 'pod install' or update your CocoaPods installation.\" >&2\n    exit 1\nfi\n# This output is used by Xcode 'outputs' to avoid re-running this script phase.\necho \"SUCCESS\" > \"${SCRIPT_OUTPUT_FILE_0}\"\n";
			showEnvVarsInLog = 0;
		};
		5F60C0B8C99909C2CB92ACFB /* [CP] Check Pods Manifest.lock */ = {
			isa = PBXShellScriptBuildPhase;
			buildActionMask = 2147483647;
			files = (
			);
			inputFileListPaths = (
			);
			inputPaths = (
				"${PODS_PODFILE_DIR_PATH}/Podfile.lock",
				"${PODS_ROOT}/Manifest.lock",
			);
			name = "[CP] Check Pods Manifest.lock";
			outputFileListPaths = (
			);
			outputPaths = (
				"$(DERIVED_FILE_DIR)/Pods-SwimCoachTests-checkManifestLockResult.txt",
			);
			runOnlyForDeploymentPostprocessing = 0;
			shellPath = /bin/sh;
			shellScript = "diff \"${PODS_PODFILE_DIR_PATH}/Podfile.lock\" \"${PODS_ROOT}/Manifest.lock\" > /dev/null\nif [ $? != 0 ] ; then\n    # print error to STDERR\n    echo \"error: The sandbox is not in sync with the Podfile.lock. Run 'pod install' or update your CocoaPods installation.\" >&2\n    exit 1\nfi\n# This output is used by Xcode 'outputs' to avoid re-running this script phase.\necho \"SUCCESS\" > \"${SCRIPT_OUTPUT_FILE_0}\"\n";
			showEnvVarsInLog = 0;
		};
		91ACA3AEFDCFD7EDEBF8DA4B /* [CP] Embed Pods Frameworks */ = {
			isa = PBXShellScriptBuildPhase;
			buildActionMask = 2147483647;
			files = (
			);
			inputFileListPaths = (
				"${PODS_ROOT}/Target Support Files/Pods-SwimCoach/Pods-SwimCoach-frameworks-${CONFIGURATION}-input-files.xcfilelist",
			);
			name = "[CP] Embed Pods Frameworks";
			outputFileListPaths = (
				"${PODS_ROOT}/Target Support Files/Pods-SwimCoach/Pods-SwimCoach-frameworks-${CONFIGURATION}-output-files.xcfilelist",
			);
			runOnlyForDeploymentPostprocessing = 0;
			shellPath = /bin/sh;
			shellScript = "\"${PODS_ROOT}/Target Support Files/Pods-SwimCoach/Pods-SwimCoach-frameworks.sh\"\n";
			showEnvVarsInLog = 0;
		};
/* End PBXShellScriptBuildPhase section */

/* Begin PBXSourcesBuildPhase section */
		FA7814A623FE90C90011A69B /* Sources */ = {
			isa = PBXSourcesBuildPhase;
			buildActionMask = 2147483647;
			files = (
				FABAD7BC23FEBC5100E573AF /* FirestoreService.swift in Sources */,
				FA9CFCE2242383D800CB7FCB /* PersonViewCell.swift in Sources */,
				FA3B50842434E9BD0020EAE4 /* AddWorkoutLineDetailController.swift in Sources */,
				FA812F07242CA6100073EDB6 /* TrainingViewModel.swift in Sources */,
				FA3B50802434CC5F0020EAE4 /* AddWorkoutLineController.swift in Sources */,
				FAD71AC924112CC50047B885 /* FolderCollectionViewCell.swift in Sources */,
				FAB152DD242B6CEC006820A5 /* TrainingController.swift in Sources */,
				FAB152D6242B56EB006820A5 /* MonthController.swift in Sources */,
				FA9855F123FEDD4300B6CF3F /* GroupController.swift in Sources */,
				FA3B50822434D4CB0020EAE4 /* AddWorkoutLineViewModel.swift in Sources */,
				FA9855EF23FED97F00B6CF3F /* CreateUserController.swift in Sources */,
				FA87951C2435F0B00028BBE1 /* UITextView+Toolbar.swift in Sources */,
				FA2A565D241F96640037128F /* GroupViewModel.swift in Sources */,
				FA812F0A242CAA8E0073EDB6 /* FirestoreWorkoutManager.swift in Sources */,
				FA82DF9E2412C9E90053BA2C /* Person.swift in Sources */,
				FAD96C4B24376F3800DD14C8 /* WorkoutTitleCell.swift in Sources */,
				FA171A5E2422B3E10038F9B0 /* PresenceViewModel.swift in Sources */,
				FAB152DB242B6CB3006820A5 /* TrainingCollectionViewCell.swift in Sources */,
				FA7814B223FE90C90011A69B /* LoginController.swift in Sources */,
				FADFFEE0243497340011C773 /* UIController+Background.swift in Sources */,
				FAC8C20E242A8F1100E7E96D /* TrainingGroupController.swift in Sources */,
				FAB152D9242B6214006820A5 /* MonthViewModel.swift in Sources */,
				FA1F1809242DECFE008BFAF8 /* ZoneCell.swift in Sources */,
				FA708BFC242E396B0096FF5A /* DetailWorkoutViewModel.swift in Sources */,
				FA82DF9C2412C9AD0053BA2C /* Group.swift in Sources */,
				FADFFEE22434A2AA0011C773 /* PreviewController.swift in Sources */,
				FAD03DB7241A58D1001DC925 /* LoginViewModel.swift in Sources */,
				FA82DF9A2412C9290053BA2C /* FirestoreGroupManager.swift in Sources */,
				FAF69D372437341D00FBEEB5 /* TransfertDataProtocol.swift in Sources */,
				FA7814AE23FE90C90011A69B /* AppDelegate.swift in Sources */,
				FA171A602422B8F00038F9B0 /* FirestorePersonManager.swift in Sources */,
				FA87951E2436299F0028BBE1 /* AddWorkoutLineDetailViewModel.swift in Sources */,
				FA7814B023FE90C90011A69B /* SceneDelegate.swift in Sources */,
				FA7125BD24211BFD00C98323 /* PresenceController.swift in Sources */,
				FA812F05242CA4990073EDB6 /* WorkoutLine.swift in Sources */,
				FA812F0C242D0C660073EDB6 /* DetailWorkoutController.swift in Sources */,
				FA2A5659241F7EF70037128F /* CreateUserViewModel.swift in Sources */,
				FA1616AE24069D7A009C6148 /* UIImageExtension.swift in Sources */,
				FA812F0E242D0E840073EDB6 /* TextViewCell.swift in Sources */,
				FA812F03242C9AAE0073EDB6 /* Workout.swift in Sources */,
				FA5E06C9243B26900004B94E /* NetworkGroupService.swift in Sources */,
				FA2A565B241F8B6A0037128F /* UIViewController+Alert.swift in Sources */,
			);
			runOnlyForDeploymentPostprocessing = 0;
		};
		FA7814BF23FE90CE0011A69B /* Sources */ = {
			isa = PBXSourcesBuildPhase;
			buildActionMask = 2147483647;
			files = (
				FA7814C823FE90CE0011A69B /* SwimCoachTests.swift in Sources */,
			);
			runOnlyForDeploymentPostprocessing = 0;
		};
/* End PBXSourcesBuildPhase section */

/* Begin PBXTargetDependency section */
		FA7814C523FE90CE0011A69B /* PBXTargetDependency */ = {
			isa = PBXTargetDependency;
			target = FA7814A923FE90C90011A69B /* SwimCoach */;
			targetProxy = FA7814C423FE90CE0011A69B /* PBXContainerItemProxy */;
		};
/* End PBXTargetDependency section */

/* Begin PBXVariantGroup section */
		FA7814B323FE90C90011A69B /* Main.storyboard */ = {
			isa = PBXVariantGroup;
			children = (
				FA7814B423FE90C90011A69B /* Base */,
			);
			name = Main.storyboard;
			sourceTree = "<group>";
		};
		FA7814BB23FE90CE0011A69B /* LaunchScreen.storyboard */ = {
			isa = PBXVariantGroup;
			children = (
				FA7814BC23FE90CE0011A69B /* Base */,
			);
			name = LaunchScreen.storyboard;
			sourceTree = "<group>";
		};
/* End PBXVariantGroup section */

/* Begin XCBuildConfiguration section */
		FA7814CA23FE90CE0011A69B /* Debug */ = {
			isa = XCBuildConfiguration;
			buildSettings = {
				ALWAYS_SEARCH_USER_PATHS = NO;
				CLANG_ANALYZER_NONNULL = YES;
				CLANG_ANALYZER_NUMBER_OBJECT_CONVERSION = YES_AGGRESSIVE;
				CLANG_CXX_LANGUAGE_STANDARD = "gnu++14";
				CLANG_CXX_LIBRARY = "libc++";
				CLANG_ENABLE_MODULES = YES;
				CLANG_ENABLE_OBJC_ARC = YES;
				CLANG_ENABLE_OBJC_WEAK = YES;
				CLANG_WARN_BLOCK_CAPTURE_AUTORELEASING = YES;
				CLANG_WARN_BOOL_CONVERSION = YES;
				CLANG_WARN_COMMA = YES;
				CLANG_WARN_CONSTANT_CONVERSION = YES;
				CLANG_WARN_DEPRECATED_OBJC_IMPLEMENTATIONS = YES;
				CLANG_WARN_DIRECT_OBJC_ISA_USAGE = YES_ERROR;
				CLANG_WARN_DOCUMENTATION_COMMENTS = YES;
				CLANG_WARN_EMPTY_BODY = YES;
				CLANG_WARN_ENUM_CONVERSION = YES;
				CLANG_WARN_INFINITE_RECURSION = YES;
				CLANG_WARN_INT_CONVERSION = YES;
				CLANG_WARN_NON_LITERAL_NULL_CONVERSION = YES;
				CLANG_WARN_OBJC_IMPLICIT_RETAIN_SELF = YES;
				CLANG_WARN_OBJC_LITERAL_CONVERSION = YES;
				CLANG_WARN_OBJC_ROOT_CLASS = YES_ERROR;
				CLANG_WARN_RANGE_LOOP_ANALYSIS = YES;
				CLANG_WARN_STRICT_PROTOTYPES = YES;
				CLANG_WARN_SUSPICIOUS_MOVE = YES;
				CLANG_WARN_UNGUARDED_AVAILABILITY = YES_AGGRESSIVE;
				CLANG_WARN_UNREACHABLE_CODE = YES;
				CLANG_WARN__DUPLICATE_METHOD_MATCH = YES;
				COPY_PHASE_STRIP = NO;
				DEBUG_INFORMATION_FORMAT = dwarf;
				ENABLE_STRICT_OBJC_MSGSEND = YES;
				ENABLE_TESTABILITY = YES;
				GCC_C_LANGUAGE_STANDARD = gnu11;
				GCC_DYNAMIC_NO_PIC = NO;
				GCC_NO_COMMON_BLOCKS = YES;
				GCC_OPTIMIZATION_LEVEL = 0;
				GCC_PREPROCESSOR_DEFINITIONS = (
					"DEBUG=1",
					"$(inherited)",
				);
				GCC_WARN_64_TO_32_BIT_CONVERSION = YES;
				GCC_WARN_ABOUT_RETURN_TYPE = YES_ERROR;
				GCC_WARN_UNDECLARED_SELECTOR = YES;
				GCC_WARN_UNINITIALIZED_AUTOS = YES_AGGRESSIVE;
				GCC_WARN_UNUSED_FUNCTION = YES;
				GCC_WARN_UNUSED_VARIABLE = YES;
				IPHONEOS_DEPLOYMENT_TARGET = 13.0;
				MTL_ENABLE_DEBUG_INFO = INCLUDE_SOURCE;
				MTL_FAST_MATH = YES;
				ONLY_ACTIVE_ARCH = YES;
				SDKROOT = iphoneos;
				SWIFT_ACTIVE_COMPILATION_CONDITIONS = DEBUG;
				SWIFT_OPTIMIZATION_LEVEL = "-Onone";
			};
			name = Debug;
		};
		FA7814CB23FE90CE0011A69B /* Release */ = {
			isa = XCBuildConfiguration;
			buildSettings = {
				ALWAYS_SEARCH_USER_PATHS = NO;
				CLANG_ANALYZER_NONNULL = YES;
				CLANG_ANALYZER_NUMBER_OBJECT_CONVERSION = YES_AGGRESSIVE;
				CLANG_CXX_LANGUAGE_STANDARD = "gnu++14";
				CLANG_CXX_LIBRARY = "libc++";
				CLANG_ENABLE_MODULES = YES;
				CLANG_ENABLE_OBJC_ARC = YES;
				CLANG_ENABLE_OBJC_WEAK = YES;
				CLANG_WARN_BLOCK_CAPTURE_AUTORELEASING = YES;
				CLANG_WARN_BOOL_CONVERSION = YES;
				CLANG_WARN_COMMA = YES;
				CLANG_WARN_CONSTANT_CONVERSION = YES;
				CLANG_WARN_DEPRECATED_OBJC_IMPLEMENTATIONS = YES;
				CLANG_WARN_DIRECT_OBJC_ISA_USAGE = YES_ERROR;
				CLANG_WARN_DOCUMENTATION_COMMENTS = YES;
				CLANG_WARN_EMPTY_BODY = YES;
				CLANG_WARN_ENUM_CONVERSION = YES;
				CLANG_WARN_INFINITE_RECURSION = YES;
				CLANG_WARN_INT_CONVERSION = YES;
				CLANG_WARN_NON_LITERAL_NULL_CONVERSION = YES;
				CLANG_WARN_OBJC_IMPLICIT_RETAIN_SELF = YES;
				CLANG_WARN_OBJC_LITERAL_CONVERSION = YES;
				CLANG_WARN_OBJC_ROOT_CLASS = YES_ERROR;
				CLANG_WARN_RANGE_LOOP_ANALYSIS = YES;
				CLANG_WARN_STRICT_PROTOTYPES = YES;
				CLANG_WARN_SUSPICIOUS_MOVE = YES;
				CLANG_WARN_UNGUARDED_AVAILABILITY = YES_AGGRESSIVE;
				CLANG_WARN_UNREACHABLE_CODE = YES;
				CLANG_WARN__DUPLICATE_METHOD_MATCH = YES;
				COPY_PHASE_STRIP = NO;
				DEBUG_INFORMATION_FORMAT = "dwarf-with-dsym";
				ENABLE_NS_ASSERTIONS = NO;
				ENABLE_STRICT_OBJC_MSGSEND = YES;
				GCC_C_LANGUAGE_STANDARD = gnu11;
				GCC_NO_COMMON_BLOCKS = YES;
				GCC_WARN_64_TO_32_BIT_CONVERSION = YES;
				GCC_WARN_ABOUT_RETURN_TYPE = YES_ERROR;
				GCC_WARN_UNDECLARED_SELECTOR = YES;
				GCC_WARN_UNINITIALIZED_AUTOS = YES_AGGRESSIVE;
				GCC_WARN_UNUSED_FUNCTION = YES;
				GCC_WARN_UNUSED_VARIABLE = YES;
				IPHONEOS_DEPLOYMENT_TARGET = 13.0;
				MTL_ENABLE_DEBUG_INFO = NO;
				MTL_FAST_MATH = YES;
				SDKROOT = iphoneos;
				SWIFT_COMPILATION_MODE = wholemodule;
				SWIFT_OPTIMIZATION_LEVEL = "-O";
				VALIDATE_PRODUCT = YES;
			};
			name = Release;
		};
		FA7814CD23FE90CE0011A69B /* Debug */ = {
			isa = XCBuildConfiguration;
			baseConfigurationReference = AD61F4A8222AEC68211F8336 /* Pods-SwimCoach.debug.xcconfig */;
			buildSettings = {
				ASSETCATALOG_COMPILER_APPICON_NAME = AppIcon;
				CODE_SIGN_ENTITLEMENTS = "";
				CODE_SIGN_STYLE = Automatic;
				DEVELOPMENT_TEAM = ZA4KZTM88P;
				INFOPLIST_FILE = SwimCoach/Info.plist;
				IPHONEOS_DEPLOYMENT_TARGET = 13.0;
				LD_RUNPATH_SEARCH_PATHS = (
					"$(inherited)",
					"@executable_path/Frameworks",
				);
				PRODUCT_BUNDLE_IDENTIFIER = com.Alex.SwimCoach;
				PRODUCT_NAME = "$(TARGET_NAME)";
				SUPPORTS_MACCATALYST = NO;
				SWIFT_VERSION = 5.0;
				TARGETED_DEVICE_FAMILY = "1,2";
			};
			name = Debug;
		};
		FA7814CE23FE90CE0011A69B /* Release */ = {
			isa = XCBuildConfiguration;
			baseConfigurationReference = 0101A33CE92711F36B993318 /* Pods-SwimCoach.release.xcconfig */;
			buildSettings = {
				ASSETCATALOG_COMPILER_APPICON_NAME = AppIcon;
				CODE_SIGN_ENTITLEMENTS = "";
				CODE_SIGN_STYLE = Automatic;
				DEVELOPMENT_TEAM = ZA4KZTM88P;
				INFOPLIST_FILE = SwimCoach/Info.plist;
				IPHONEOS_DEPLOYMENT_TARGET = 13.0;
				LD_RUNPATH_SEARCH_PATHS = (
					"$(inherited)",
					"@executable_path/Frameworks",
				);
				PRODUCT_BUNDLE_IDENTIFIER = com.Alex.SwimCoach;
				PRODUCT_NAME = "$(TARGET_NAME)";
				SUPPORTS_MACCATALYST = NO;
				SWIFT_VERSION = 5.0;
				TARGETED_DEVICE_FAMILY = "1,2";
			};
			name = Release;
		};
		FA7814D023FE90CE0011A69B /* Debug */ = {
			isa = XCBuildConfiguration;
			baseConfigurationReference = 7031066623181080EB8CEE66 /* Pods-SwimCoachTests.debug.xcconfig */;
			buildSettings = {
				ALWAYS_EMBED_SWIFT_STANDARD_LIBRARIES = YES;
				BUNDLE_LOADER = "$(TEST_HOST)";
				CODE_SIGN_STYLE = Automatic;
				DEVELOPMENT_TEAM = ZA4KZTM88P;
				INFOPLIST_FILE = SwimCoachTests/Info.plist;
				IPHONEOS_DEPLOYMENT_TARGET = 13.2;
				LD_RUNPATH_SEARCH_PATHS = (
					"$(inherited)",
					"@executable_path/Frameworks",
					"@loader_path/Frameworks",
				);
				PRODUCT_BUNDLE_IDENTIFIER = com.Alex.SwimCoachTests;
				PRODUCT_NAME = "$(TARGET_NAME)";
				SWIFT_VERSION = 5.0;
				TARGETED_DEVICE_FAMILY = "1,2";
				TEST_HOST = "$(BUILT_PRODUCTS_DIR)/SwimCoach.app/SwimCoach";
			};
			name = Debug;
		};
		FA7814D123FE90CE0011A69B /* Release */ = {
			isa = XCBuildConfiguration;
			baseConfigurationReference = 3883DFE42DEA5B27A23AE5D8 /* Pods-SwimCoachTests.release.xcconfig */;
			buildSettings = {
				ALWAYS_EMBED_SWIFT_STANDARD_LIBRARIES = YES;
				BUNDLE_LOADER = "$(TEST_HOST)";
				CODE_SIGN_STYLE = Automatic;
				DEVELOPMENT_TEAM = ZA4KZTM88P;
				INFOPLIST_FILE = SwimCoachTests/Info.plist;
				IPHONEOS_DEPLOYMENT_TARGET = 13.2;
				LD_RUNPATH_SEARCH_PATHS = (
					"$(inherited)",
					"@executable_path/Frameworks",
					"@loader_path/Frameworks",
				);
				PRODUCT_BUNDLE_IDENTIFIER = com.Alex.SwimCoachTests;
				PRODUCT_NAME = "$(TARGET_NAME)";
				SWIFT_VERSION = 5.0;
				TARGETED_DEVICE_FAMILY = "1,2";
				TEST_HOST = "$(BUILT_PRODUCTS_DIR)/SwimCoach.app/SwimCoach";
			};
			name = Release;
		};
/* End XCBuildConfiguration section */

/* Begin XCConfigurationList section */
		FA7814A523FE90C90011A69B /* Build configuration list for PBXProject "SwimCoach" */ = {
			isa = XCConfigurationList;
			buildConfigurations = (
				FA7814CA23FE90CE0011A69B /* Debug */,
				FA7814CB23FE90CE0011A69B /* Release */,
			);
			defaultConfigurationIsVisible = 0;
			defaultConfigurationName = Release;
		};
		FA7814CC23FE90CE0011A69B /* Build configuration list for PBXNativeTarget "SwimCoach" */ = {
			isa = XCConfigurationList;
			buildConfigurations = (
				FA7814CD23FE90CE0011A69B /* Debug */,
				FA7814CE23FE90CE0011A69B /* Release */,
			);
			defaultConfigurationIsVisible = 0;
			defaultConfigurationName = Release;
		};
		FA7814CF23FE90CE0011A69B /* Build configuration list for PBXNativeTarget "SwimCoachTests" */ = {
			isa = XCConfigurationList;
			buildConfigurations = (
				FA7814D023FE90CE0011A69B /* Debug */,
				FA7814D123FE90CE0011A69B /* Release */,
			);
			defaultConfigurationIsVisible = 0;
			defaultConfigurationName = Release;
		};
/* End XCConfigurationList section */
	};
	rootObject = FA7814A223FE90C90011A69B /* Project object */;
}
